// !$*UTF8*$!
{
	archiveVersion = 1;
	classes = {
	};
	objectVersion = 50;
	objects = {

/* Begin PBXBuildFile section */
		0C1A2CE5FE8D728B8CF81031 /* Pods_YSHistogramView_YSHistogramViewUITests.framework in Frameworks */ = {isa = PBXBuildFile; fileRef = DBDE04132B7531217569E6B6 /* Pods_YSHistogramView_YSHistogramViewUITests.framework */; };
		9329627B2449536E00EE8475 /* YSHistogram.m in Sources */ = {isa = PBXBuildFile; fileRef = 9329627A2449536E00EE8475 /* YSHistogram.m */; };
		937BFF0B2436DA23001EFE4D /* AppDelegate.m in Sources */ = {isa = PBXBuildFile; fileRef = 937BFF0A2436DA23001EFE4D /* AppDelegate.m */; };
		937BFF0E2436DA23001EFE4D /* SceneDelegate.m in Sources */ = {isa = PBXBuildFile; fileRef = 937BFF0D2436DA23001EFE4D /* SceneDelegate.m */; };
		937BFF112436DA23001EFE4D /* ViewController.m in Sources */ = {isa = PBXBuildFile; fileRef = 937BFF102436DA23001EFE4D /* ViewController.m */; };
		937BFF142436DA23001EFE4D /* Main.storyboard in Resources */ = {isa = PBXBuildFile; fileRef = 937BFF122436DA23001EFE4D /* Main.storyboard */; };
		937BFF162436DA25001EFE4D /* Assets.xcassets in Resources */ = {isa = PBXBuildFile; fileRef = 937BFF152436DA25001EFE4D /* Assets.xcassets */; };
		937BFF192436DA25001EFE4D /* LaunchScreen.storyboard in Resources */ = {isa = PBXBuildFile; fileRef = 937BFF172436DA25001EFE4D /* LaunchScreen.storyboard */; };
		937BFF1C2436DA25001EFE4D /* main.m in Sources */ = {isa = PBXBuildFile; fileRef = 937BFF1B2436DA25001EFE4D /* main.m */; };
		937BFF262436DA25001EFE4D /* YSHistogramViewTests.m in Sources */ = {isa = PBXBuildFile; fileRef = 937BFF252436DA25001EFE4D /* YSHistogramViewTests.m */; };
		937BFF312436DA25001EFE4D /* YSHistogramViewUITests.m in Sources */ = {isa = PBXBuildFile; fileRef = 937BFF302436DA25001EFE4D /* YSHistogramViewUITests.m */; };
		BF06DDB75B34988C65E3F4B7 /* Pods_YSHistogramViewTests.framework in Frameworks */ = {isa = PBXBuildFile; fileRef = F9E745CA2554C7E32720D090 /* Pods_YSHistogramViewTests.framework */; };
		F4F6132808D7F4AB482BF1F0 /* Pods_YSHistogramView.framework in Frameworks */ = {isa = PBXBuildFile; fileRef = 9AC2A185614CEDC153C78B33 /* Pods_YSHistogramView.framework */; };
/* End PBXBuildFile section */

/* Begin PBXContainerItemProxy section */
		937BFF222436DA25001EFE4D /* PBXContainerItemProxy */ = {
			isa = PBXContainerItemProxy;
			containerPortal = 937BFEFE2436DA23001EFE4D /* Project object */;
			proxyType = 1;
			remoteGlobalIDString = 937BFF052436DA23001EFE4D;
			remoteInfo = YSHistogramView;
		};
		937BFF2D2436DA25001EFE4D /* PBXContainerItemProxy */ = {
			isa = PBXContainerItemProxy;
			containerPortal = 937BFEFE2436DA23001EFE4D /* Project object */;
			proxyType = 1;
			remoteGlobalIDString = 937BFF052436DA23001EFE4D;
			remoteInfo = YSHistogramView;
		};
/* End PBXContainerItemProxy section */

/* Begin PBXFileReference section */
		16763A63EF5322AA94BF2C56 /* Pods-YSHistogramView.debug.xcconfig */ = {isa = PBXFileReference; includeInIndex = 1; lastKnownFileType = text.xcconfig; name = "Pods-YSHistogramView.debug.xcconfig"; path = "Target Support Files/Pods-YSHistogramView/Pods-YSHistogramView.debug.xcconfig"; sourceTree = "<group>"; };
		42EDD3D5F3A880807CC688C1 /* Pods-YSHistogramViewTests.release.xcconfig */ = {isa = PBXFileReference; includeInIndex = 1; lastKnownFileType = text.xcconfig; name = "Pods-YSHistogramViewTests.release.xcconfig"; path = "Target Support Files/Pods-YSHistogramViewTests/Pods-YSHistogramViewTests.release.xcconfig"; sourceTree = "<group>"; };
		5D2D0566BDD553C73DABC798 /* Pods-YSHistogramView-YSHistogramViewUITests.release.xcconfig */ = {isa = PBXFileReference; includeInIndex = 1; lastKnownFileType = text.xcconfig; name = "Pods-YSHistogramView-YSHistogramViewUITests.release.xcconfig"; path = "Target Support Files/Pods-YSHistogramView-YSHistogramViewUITests/Pods-YSHistogramView-YSHistogramViewUITests.release.xcconfig"; sourceTree = "<group>"; };
		932962792449536E00EE8475 /* YSHistogram.h */ = {isa = PBXFileReference; lastKnownFileType = sourcecode.c.h; path = YSHistogram.h; sourceTree = "<group>"; };
		9329627A2449536E00EE8475 /* YSHistogram.m */ = {isa = PBXFileReference; lastKnownFileType = sourcecode.c.objc; path = YSHistogram.m; sourceTree = "<group>"; };
		937BFF062436DA23001EFE4D /* YSHistogramView.app */ = {isa = PBXFileReference; explicitFileType = wrapper.application; includeInIndex = 0; path = YSHistogramView.app; sourceTree = BUILT_PRODUCTS_DIR; };
		937BFF092436DA23001EFE4D /* AppDelegate.h */ = {isa = PBXFileReference; lastKnownFileType = sourcecode.c.h; path = AppDelegate.h; sourceTree = "<group>"; };
		937BFF0A2436DA23001EFE4D /* AppDelegate.m */ = {isa = PBXFileReference; lastKnownFileType = sourcecode.c.objc; path = AppDelegate.m; sourceTree = "<group>"; };
		937BFF0C2436DA23001EFE4D /* SceneDelegate.h */ = {isa = PBXFileReference; lastKnownFileType = sourcecode.c.h; path = SceneDelegate.h; sourceTree = "<group>"; };
		937BFF0D2436DA23001EFE4D /* SceneDelegate.m */ = {isa = PBXFileReference; lastKnownFileType = sourcecode.c.objc; path = SceneDelegate.m; sourceTree = "<group>"; };
		937BFF0F2436DA23001EFE4D /* ViewController.h */ = {isa = PBXFileReference; lastKnownFileType = sourcecode.c.h; path = ViewController.h; sourceTree = "<group>"; };
		937BFF102436DA23001EFE4D /* ViewController.m */ = {isa = PBXFileReference; lastKnownFileType = sourcecode.c.objc; path = ViewController.m; sourceTree = "<group>"; };
		937BFF132436DA23001EFE4D /* Base */ = {isa = PBXFileReference; lastKnownFileType = file.storyboard; name = Base; path = Base.lproj/Main.storyboard; sourceTree = "<group>"; };
		937BFF152436DA25001EFE4D /* Assets.xcassets */ = {isa = PBXFileReference; lastKnownFileType = folder.assetcatalog; path = Assets.xcassets; sourceTree = "<group>"; };
		937BFF182436DA25001EFE4D /* Base */ = {isa = PBXFileReference; lastKnownFileType = file.storyboard; name = Base; path = Base.lproj/LaunchScreen.storyboard; sourceTree = "<group>"; };
		937BFF1A2436DA25001EFE4D /* Info.plist */ = {isa = PBXFileReference; lastKnownFileType = text.plist.xml; path = Info.plist; sourceTree = "<group>"; };
		937BFF1B2436DA25001EFE4D /* main.m */ = {isa = PBXFileReference; lastKnownFileType = sourcecode.c.objc; path = main.m; sourceTree = "<group>"; };
		937BFF212436DA25001EFE4D /* YSHistogramViewTests.xctest */ = {isa = PBXFileReference; explicitFileType = wrapper.cfbundle; includeInIndex = 0; path = YSHistogramViewTests.xctest; sourceTree = BUILT_PRODUCTS_DIR; };
		937BFF252436DA25001EFE4D /* YSHistogramViewTests.m */ = {isa = PBXFileReference; lastKnownFileType = sourcecode.c.objc; path = YSHistogramViewTests.m; sourceTree = "<group>"; };
		937BFF272436DA25001EFE4D /* Info.plist */ = {isa = PBXFileReference; lastKnownFileType = text.plist.xml; path = Info.plist; sourceTree = "<group>"; };
		937BFF2C2436DA25001EFE4D /* YSHistogramViewUITests.xctest */ = {isa = PBXFileReference; explicitFileType = wrapper.cfbundle; includeInIndex = 0; path = YSHistogramViewUITests.xctest; sourceTree = BUILT_PRODUCTS_DIR; };
		937BFF302436DA25001EFE4D /* YSHistogramViewUITests.m */ = {isa = PBXFileReference; lastKnownFileType = sourcecode.c.objc; path = YSHistogramViewUITests.m; sourceTree = "<group>"; };
		937BFF322436DA25001EFE4D /* Info.plist */ = {isa = PBXFileReference; lastKnownFileType = text.plist.xml; path = Info.plist; sourceTree = "<group>"; };
		9AC2A185614CEDC153C78B33 /* Pods_YSHistogramView.framework */ = {isa = PBXFileReference; explicitFileType = wrapper.framework; includeInIndex = 0; path = Pods_YSHistogramView.framework; sourceTree = BUILT_PRODUCTS_DIR; };
		BA86AABE6176EE1F51C7620D /* Pods-YSHistogramView-YSHistogramViewUITests.debug.xcconfig */ = {isa = PBXFileReference; includeInIndex = 1; lastKnownFileType = text.xcconfig; name = "Pods-YSHistogramView-YSHistogramViewUITests.debug.xcconfig"; path = "Target Support Files/Pods-YSHistogramView-YSHistogramViewUITests/Pods-YSHistogramView-YSHistogramViewUITests.debug.xcconfig"; sourceTree = "<group>"; };
		DBDE04132B7531217569E6B6 /* Pods_YSHistogramView_YSHistogramViewUITests.framework */ = {isa = PBXFileReference; explicitFileType = wrapper.framework; includeInIndex = 0; path = Pods_YSHistogramView_YSHistogramViewUITests.framework; sourceTree = BUILT_PRODUCTS_DIR; };
		EE718F6E15FA6B00B6D056D6 /* Pods-YSHistogramView.release.xcconfig */ = {isa = PBXFileReference; includeInIndex = 1; lastKnownFileType = text.xcconfig; name = "Pods-YSHistogramView.release.xcconfig"; path = "Target Support Files/Pods-YSHistogramView/Pods-YSHistogramView.release.xcconfig"; sourceTree = "<group>"; };
		F03A0E9EEA367E1602C004CB /* Pods-YSHistogramViewTests.debug.xcconfig */ = {isa = PBXFileReference; includeInIndex = 1; lastKnownFileType = text.xcconfig; name = "Pods-YSHistogramViewTests.debug.xcconfig"; path = "Target Support Files/Pods-YSHistogramViewTests/Pods-YSHistogramViewTests.debug.xcconfig"; sourceTree = "<group>"; };
		F9E745CA2554C7E32720D090 /* Pods_YSHistogramViewTests.framework */ = {isa = PBXFileReference; explicitFileType = wrapper.framework; includeInIndex = 0; path = Pods_YSHistogramViewTests.framework; sourceTree = BUILT_PRODUCTS_DIR; };
/* End PBXFileReference section */

/* Begin PBXFrameworksBuildPhase section */
		937BFF032436DA23001EFE4D /* Frameworks */ = {
			isa = PBXFrameworksBuildPhase;
			buildActionMask = 2147483647;
			files = (
				F4F6132808D7F4AB482BF1F0 /* Pods_YSHistogramView.framework in Frameworks */,
			);
			runOnlyForDeploymentPostprocessing = 0;
		};
		937BFF1E2436DA25001EFE4D /* Frameworks */ = {
			isa = PBXFrameworksBuildPhase;
			buildActionMask = 2147483647;
			files = (
				BF06DDB75B34988C65E3F4B7 /* Pods_YSHistogramViewTests.framework in Frameworks */,
			);
			runOnlyForDeploymentPostprocessing = 0;
		};
		937BFF292436DA25001EFE4D /* Frameworks */ = {
			isa = PBXFrameworksBuildPhase;
			buildActionMask = 2147483647;
			files = (
				0C1A2CE5FE8D728B8CF81031 /* Pods_YSHistogramView_YSHistogramViewUITests.framework in Frameworks */,
			);
			runOnlyForDeploymentPostprocessing = 0;
		};
/* End PBXFrameworksBuildPhase section */

/* Begin PBXGroup section */
		5F03DCA800B695E79B5E7E33 /* Pods */ = {
			isa = PBXGroup;
			children = (
				16763A63EF5322AA94BF2C56 /* Pods-YSHistogramView.debug.xcconfig */,
				EE718F6E15FA6B00B6D056D6 /* Pods-YSHistogramView.release.xcconfig */,
				BA86AABE6176EE1F51C7620D /* Pods-YSHistogramView-YSHistogramViewUITests.debug.xcconfig */,
				5D2D0566BDD553C73DABC798 /* Pods-YSHistogramView-YSHistogramViewUITests.release.xcconfig */,
				F03A0E9EEA367E1602C004CB /* Pods-YSHistogramViewTests.debug.xcconfig */,
				42EDD3D5F3A880807CC688C1 /* Pods-YSHistogramViewTests.release.xcconfig */,
			);
			name = Pods;
			path = Pods;
			sourceTree = "<group>";
		};
		937BFEFD2436DA23001EFE4D = {
			isa = PBXGroup;
			children = (
				937BFF082436DA23001EFE4D /* YSHistogramView */,
				937BFF242436DA25001EFE4D /* YSHistogramViewTests */,
				937BFF2F2436DA25001EFE4D /* YSHistogramViewUITests */,
				937BFF072436DA23001EFE4D /* Products */,
				5F03DCA800B695E79B5E7E33 /* Pods */,
				AFCE045B34BD7D83969A0DE9 /* Frameworks */,
			);
			sourceTree = "<group>";
		};
		937BFF072436DA23001EFE4D /* Products */ = {
			isa = PBXGroup;
			children = (
				937BFF062436DA23001EFE4D /* YSHistogramView.app */,
				937BFF212436DA25001EFE4D /* YSHistogramViewTests.xctest */,
				937BFF2C2436DA25001EFE4D /* YSHistogramViewUITests.xctest */,
			);
			name = Products;
			sourceTree = "<group>";
		};
		937BFF082436DA23001EFE4D /* YSHistogramView */ = {
			isa = PBXGroup;
			children = (
				937BFF092436DA23001EFE4D /* AppDelegate.h */,
				937BFF0A2436DA23001EFE4D /* AppDelegate.m */,
				937BFF0C2436DA23001EFE4D /* SceneDelegate.h */,
				937BFF0D2436DA23001EFE4D /* SceneDelegate.m */,
				937BFF0F2436DA23001EFE4D /* ViewController.h */,
				937BFF102436DA23001EFE4D /* ViewController.m */,
				932962792449536E00EE8475 /* YSHistogram.h */,
				9329627A2449536E00EE8475 /* YSHistogram.m */,
				937BFF122436DA23001EFE4D /* Main.storyboard */,
				937BFF152436DA25001EFE4D /* Assets.xcassets */,
				937BFF172436DA25001EFE4D /* LaunchScreen.storyboard */,
				937BFF1A2436DA25001EFE4D /* Info.plist */,
				937BFF1B2436DA25001EFE4D /* main.m */,
			);
			path = YSHistogramView;
			sourceTree = "<group>";
		};
		937BFF242436DA25001EFE4D /* YSHistogramViewTests */ = {
			isa = PBXGroup;
			children = (
				937BFF252436DA25001EFE4D /* YSHistogramViewTests.m */,
				937BFF272436DA25001EFE4D /* Info.plist */,
			);
			path = YSHistogramViewTests;
			sourceTree = "<group>";
		};
		937BFF2F2436DA25001EFE4D /* YSHistogramViewUITests */ = {
			isa = PBXGroup;
			children = (
				937BFF302436DA25001EFE4D /* YSHistogramViewUITests.m */,
				937BFF322436DA25001EFE4D /* Info.plist */,
			);
			path = YSHistogramViewUITests;
			sourceTree = "<group>";
		};
		AFCE045B34BD7D83969A0DE9 /* Frameworks */ = {
			isa = PBXGroup;
			children = (
				9AC2A185614CEDC153C78B33 /* Pods_YSHistogramView.framework */,
				DBDE04132B7531217569E6B6 /* Pods_YSHistogramView_YSHistogramViewUITests.framework */,
				F9E745CA2554C7E32720D090 /* Pods_YSHistogramViewTests.framework */,
			);
			name = Frameworks;
			sourceTree = "<group>";
		};
/* End PBXGroup section */

/* Begin PBXNativeTarget section */
		937BFF052436DA23001EFE4D /* YSHistogramView */ = {
			isa = PBXNativeTarget;
			buildConfigurationList = 937BFF352436DA25001EFE4D /* Build configuration list for PBXNativeTarget "YSHistogramView" */;
			buildPhases = (
				FB000563C44F2D2F431DD477 /* [CP] Check Pods Manifest.lock */,
				937BFF022436DA23001EFE4D /* Sources */,
				937BFF032436DA23001EFE4D /* Frameworks */,
				937BFF042436DA23001EFE4D /* Resources */,
				1AB991229CAF78FBFB51418B /* [CP] Embed Pods Frameworks */,
			);
			buildRules = (
			);
			dependencies = (
			);
			name = YSHistogramView;
			productName = YSHistogramView;
			productReference = 937BFF062436DA23001EFE4D /* YSHistogramView.app */;
			productType = "com.apple.product-type.application";
		};
		937BFF202436DA25001EFE4D /* YSHistogramViewTests */ = {
			isa = PBXNativeTarget;
			buildConfigurationList = 937BFF382436DA25001EFE4D /* Build configuration list for PBXNativeTarget "YSHistogramViewTests" */;
			buildPhases = (
				665730988249F85C9B3EC33D /* [CP] Check Pods Manifest.lock */,
				937BFF1D2436DA25001EFE4D /* Sources */,
				937BFF1E2436DA25001EFE4D /* Frameworks */,
				937BFF1F2436DA25001EFE4D /* Resources */,
			);
			buildRules = (
			);
			dependencies = (
				937BFF232436DA25001EFE4D /* PBXTargetDependency */,
			);
			name = YSHistogramViewTests;
			productName = YSHistogramViewTests;
			productReference = 937BFF212436DA25001EFE4D /* YSHistogramViewTests.xctest */;
			productType = "com.apple.product-type.bundle.unit-test";
		};
		937BFF2B2436DA25001EFE4D /* YSHistogramViewUITests */ = {
			isa = PBXNativeTarget;
			buildConfigurationList = 937BFF3B2436DA25001EFE4D /* Build configuration list for PBXNativeTarget "YSHistogramViewUITests" */;
			buildPhases = (
				18E5E8F5108901B803E7F59C /* [CP] Check Pods Manifest.lock */,
				937BFF282436DA25001EFE4D /* Sources */,
				937BFF292436DA25001EFE4D /* Frameworks */,
				937BFF2A2436DA25001EFE4D /* Resources */,
				5CCF1DFBF0A3BE4B12F431B2 /* [CP] Embed Pods Frameworks */,
			);
			buildRules = (
			);
			dependencies = (
				937BFF2E2436DA25001EFE4D /* PBXTargetDependency */,
			);
			name = YSHistogramViewUITests;
			productName = YSHistogramViewUITests;
			productReference = 937BFF2C2436DA25001EFE4D /* YSHistogramViewUITests.xctest */;
			productType = "com.apple.product-type.bundle.ui-testing";
		};
/* End PBXNativeTarget section */

/* Begin PBXProject section */
		937BFEFE2436DA23001EFE4D /* Project object */ = {
			isa = PBXProject;
			attributes = {
				LastUpgradeCheck = 1140;
				ORGANIZATIONNAME = Aaron;
				TargetAttributes = {
					937BFF052436DA23001EFE4D = {
						CreatedOnToolsVersion = 11.4;
					};
					937BFF202436DA25001EFE4D = {
						CreatedOnToolsVersion = 11.4;
						TestTargetID = 937BFF052436DA23001EFE4D;
					};
					937BFF2B2436DA25001EFE4D = {
						CreatedOnToolsVersion = 11.4;
						TestTargetID = 937BFF052436DA23001EFE4D;
					};
				};
			};
			buildConfigurationList = 937BFF012436DA23001EFE4D /* Build configuration list for PBXProject "YSHistogramView" */;
			compatibilityVersion = "Xcode 9.3";
			developmentRegion = en;
			hasScannedForEncodings = 0;
			knownRegions = (
				en,
				Base,
			);
			mainGroup = 937BFEFD2436DA23001EFE4D;
			productRefGroup = 937BFF072436DA23001EFE4D /* Products */;
			projectDirPath = "";
			projectRoot = "";
			targets = (
				937BFF052436DA23001EFE4D /* YSHistogramView */,
				937BFF202436DA25001EFE4D /* YSHistogramViewTests */,
				937BFF2B2436DA25001EFE4D /* YSHistogramViewUITests */,
			);
		};
/* End PBXProject section */

/* Begin PBXResourcesBuildPhase section */
		937BFF042436DA23001EFE4D /* Resources */ = {
			isa = PBXResourcesBuildPhase;
			buildActionMask = 2147483647;
			files = (
				937BFF192436DA25001EFE4D /* LaunchScreen.storyboard in Resources */,
				937BFF162436DA25001EFE4D /* Assets.xcassets in Resources */,
				937BFF142436DA23001EFE4D /* Main.storyboard in Resources */,
			);
			runOnlyForDeploymentPostprocessing = 0;
		};
		937BFF1F2436DA25001EFE4D /* Resources */ = {
			isa = PBXResourcesBuildPhase;
			buildActionMask = 2147483647;
			files = (
			);
			runOnlyForDeploymentPostprocessing = 0;
		};
		937BFF2A2436DA25001EFE4D /* Resources */ = {
			isa = PBXResourcesBuildPhase;
			buildActionMask = 2147483647;
			files = (
			);
			runOnlyForDeploymentPostprocessing = 0;
		};
/* End PBXResourcesBuildPhase section */

/* Begin PBXShellScriptBuildPhase section */
		18E5E8F5108901B803E7F59C /* [CP] Check Pods Manifest.lock */ = {
			isa = PBXShellScriptBuildPhase;
			buildActionMask = 2147483647;
			files = (
			);
			inputFileListPaths = (
			);
			inputPaths = (
				"${PODS_PODFILE_DIR_PATH}/Podfile.lock",
				"${PODS_ROOT}/Manifest.lock",
			);
			name = "[CP] Check Pods Manifest.lock";
			outputFileListPaths = (
			);
			outputPaths = (
				"$(DERIVED_FILE_DIR)/Pods-YSHistogramView-YSHistogramViewUITests-checkManifestLockResult.txt",
			);
			runOnlyForDeploymentPostprocessing = 0;
			shellPath = /bin/sh;
			shellScript = "diff \"${PODS_PODFILE_DIR_PATH}/Podfile.lock\" \"${PODS_ROOT}/Manifest.lock\" > /dev/null\nif [ $? != 0 ] ; then\n    # print error to STDERR\n    echo \"error: The sandbox is not in sync with the Podfile.lock. Run 'pod install' or update your CocoaPods installation.\" >&2\n    exit 1\nfi\n# This output is used by Xcode 'outputs' to avoid re-running this script phase.\necho \"SUCCESS\" > \"${SCRIPT_OUTPUT_FILE_0}\"\n";
			showEnvVarsInLog = 0;
		};
		1AB991229CAF78FBFB51418B /* [CP] Embed Pods Frameworks */ = {
			isa = PBXShellScriptBuildPhase;
			buildActionMask = 2147483647;
			files = (
			);
			inputFileListPaths = (
				"${PODS_ROOT}/Target Support Files/Pods-YSHistogramView/Pods-YSHistogramView-frameworks-${CONFIGURATION}-input-files.xcfilelist",
			);
			name = "[CP] Embed Pods Frameworks";
			outputFileListPaths = (
				"${PODS_ROOT}/Target Support Files/Pods-YSHistogramView/Pods-YSHistogramView-frameworks-${CONFIGURATION}-output-files.xcfilelist",
			);
			runOnlyForDeploymentPostprocessing = 0;
			shellPath = /bin/sh;
			shellScript = "\"${PODS_ROOT}/Target Support Files/Pods-YSHistogramView/Pods-YSHistogramView-frameworks.sh\"\n";
			showEnvVarsInLog = 0;
		};
		5CCF1DFBF0A3BE4B12F431B2 /* [CP] Embed Pods Frameworks */ = {
			isa = PBXShellScriptBuildPhase;
			buildActionMask = 2147483647;
			files = (
			);
			inputFileListPaths = (
				"${PODS_ROOT}/Target Support Files/Pods-YSHistogramView-YSHistogramViewUITests/Pods-YSHistogramView-YSHistogramViewUITests-frameworks-${CONFIGURATION}-input-files.xcfilelist",
			);
			name = "[CP] Embed Pods Frameworks";
			outputFileListPaths = (
				"${PODS_ROOT}/Target Support Files/Pods-YSHistogramView-YSHistogramViewUITests/Pods-YSHistogramView-YSHistogramViewUITests-frameworks-${CONFIGURATION}-output-files.xcfilelist",
			);
			runOnlyForDeploymentPostprocessing = 0;
			shellPath = /bin/sh;
			shellScript = "\"${PODS_ROOT}/Target Support Files/Pods-YSHistogramView-YSHistogramViewUITests/Pods-YSHistogramView-YSHistogramViewUITests-frameworks.sh\"\n";
			showEnvVarsInLog = 0;
		};
		665730988249F85C9B3EC33D /* [CP] Check Pods Manifest.lock */ = {
			isa = PBXShellScriptBuildPhase;
			buildActionMask = 2147483647;
			files = (
			);
			inputFileListPaths = (
			);
			inputPaths = (
				"${PODS_PODFILE_DIR_PATH}/Podfile.lock",
				"${PODS_ROOT}/Manifest.lock",
			);
			name = "[CP] Check Pods Manifest.lock";
			outputFileListPaths = (
			);
			outputPaths = (
				"$(DERIVED_FILE_DIR)/Pods-YSHistogramViewTests-checkManifestLockResult.txt",
			);
			runOnlyForDeploymentPostprocessing = 0;
			shellPath = /bin/sh;
			shellScript = "diff \"${PODS_PODFILE_DIR_PATH}/Podfile.lock\" \"${PODS_ROOT}/Manifest.lock\" > /dev/null\nif [ $? != 0 ] ; then\n    # print error to STDERR\n    echo \"error: The sandbox is not in sync with the Podfile.lock. Run 'pod install' or update your CocoaPods installation.\" >&2\n    exit 1\nfi\n# This output is used by Xcode 'outputs' to avoid re-running this script phase.\necho \"SUCCESS\" > \"${SCRIPT_OUTPUT_FILE_0}\"\n";
			showEnvVarsInLog = 0;
		};
		FB000563C44F2D2F431DD477 /* [CP] Check Pods Manifest.lock */ = {
			isa = PBXShellScriptBuildPhase;
			buildActionMask = 2147483647;
			files = (
			);
			inputFileListPaths = (
			);
			inputPaths = (
				"${PODS_PODFILE_DIR_PATH}/Podfile.lock",
				"${PODS_ROOT}/Manifest.lock",
			);
			name = "[CP] Check Pods Manifest.lock";
			outputFileListPaths = (
			);
			outputPaths = (
				"$(DERIVED_FILE_DIR)/Pods-YSHistogramView-checkManifestLockResult.txt",
			);
			runOnlyForDeploymentPostprocessing = 0;
			shellPath = /bin/sh;
			shellScript = "diff \"${PODS_PODFILE_DIR_PATH}/Podfile.lock\" \"${PODS_ROOT}/Manifest.lock\" > /dev/null\nif [ $? != 0 ] ; then\n    # print error to STDERR\n    echo \"error: The sandbox is not in sync with the Podfile.lock. Run 'pod install' or update your CocoaPods installation.\" >&2\n    exit 1\nfi\n# This output is used by Xcode 'outputs' to avoid re-running this script phase.\necho \"SUCCESS\" > \"${SCRIPT_OUTPUT_FILE_0}\"\n";
			showEnvVarsInLog = 0;
		};
/* End PBXShellScriptBuildPhase section */

/* Begin PBXSourcesBuildPhase section */
		937BFF022436DA23001EFE4D /* Sources */ = {
			isa = PBXSourcesBuildPhase;
			buildActionMask = 2147483647;
			files = (
				9329627B2449536E00EE8475 /* YSHistogram.m in Sources */,
				937BFF112436DA23001EFE4D /* ViewController.m in Sources */,
				937BFF0B2436DA23001EFE4D /* AppDelegate.m in Sources */,
				937BFF1C2436DA25001EFE4D /* main.m in Sources */,
				937BFF0E2436DA23001EFE4D /* SceneDelegate.m in Sources */,
			);
			runOnlyForDeploymentPostprocessing = 0;
		};
		937BFF1D2436DA25001EFE4D /* Sources */ = {
			isa = PBXSourcesBuildPhase;
			buildActionMask = 2147483647;
			files = (
				937BFF262436DA25001EFE4D /* YSHistogramViewTests.m in Sources */,
			);
			runOnlyForDeploymentPostprocessing = 0;
		};
		937BFF282436DA25001EFE4D /* Sources */ = {
			isa = PBXSourcesBuildPhase;
			buildActionMask = 2147483647;
			files = (
				937BFF312436DA25001EFE4D /* YSHistogramViewUITests.m in Sources */,
			);
			runOnlyForDeploymentPostprocessing = 0;
		};
/* End PBXSourcesBuildPhase section */

/* Begin PBXTargetDependency section */
		937BFF232436DA25001EFE4D /* PBXTargetDependency */ = {
			isa = PBXTargetDependency;
			target = 937BFF052436DA23001EFE4D /* YSHistogramView */;
			targetProxy = 937BFF222436DA25001EFE4D /* PBXContainerItemProxy */;
		};
		937BFF2E2436DA25001EFE4D /* PBXTargetDependency */ = {
			isa = PBXTargetDependency;
			target = 937BFF052436DA23001EFE4D /* YSHistogramView */;
			targetProxy = 937BFF2D2436DA25001EFE4D /* PBXContainerItemProxy */;
		};
/* End PBXTargetDependency section */

/* Begin PBXVariantGroup section */
		937BFF122436DA23001EFE4D /* Main.storyboard */ = {
			isa = PBXVariantGroup;
			children = (
				937BFF132436DA23001EFE4D /* Base */,
			);
			name = Main.storyboard;
			sourceTree = "<group>";
		};
		937BFF172436DA25001EFE4D /* LaunchScreen.storyboard */ = {
			isa = PBXVariantGroup;
			children = (
				937BFF182436DA25001EFE4D /* Base */,
			);
			name = LaunchScreen.storyboard;
			sourceTree = "<group>";
		};
/* End PBXVariantGroup section */

/* Begin XCBuildConfiguration section */
		937BFF332436DA25001EFE4D /* Debug */ = {
			isa = XCBuildConfiguration;
			buildSettings = {
				ALWAYS_SEARCH_USER_PATHS = NO;
				CLANG_ANALYZER_NONNULL = YES;
				CLANG_ANALYZER_NUMBER_OBJECT_CONVERSION = YES_AGGRESSIVE;
				CLANG_CXX_LANGUAGE_STANDARD = "gnu++14";
				CLANG_CXX_LIBRARY = "libc++";
				CLANG_ENABLE_MODULES = YES;
				CLANG_ENABLE_OBJC_ARC = YES;
				CLANG_ENABLE_OBJC_WEAK = YES;
				CLANG_WARN_BLOCK_CAPTURE_AUTORELEASING = YES;
				CLANG_WARN_BOOL_CONVERSION = YES;
				CLANG_WARN_COMMA = YES;
				CLANG_WARN_CONSTANT_CONVERSION = YES;
				CLANG_WARN_DEPRECATED_OBJC_IMPLEMENTATIONS = YES;
				CLANG_WARN_DIRECT_OBJC_ISA_USAGE = YES_ERROR;
				CLANG_WARN_DOCUMENTATION_COMMENTS = YES;
				CLANG_WARN_EMPTY_BODY = YES;
				CLANG_WARN_ENUM_CONVERSION = YES;
				CLANG_WARN_INFINITE_RECURSION = YES;
				CLANG_WARN_INT_CONVERSION = YES;
				CLANG_WARN_NON_LITERAL_NULL_CONVERSION = YES;
				CLANG_WARN_OBJC_IMPLICIT_RETAIN_SELF = YES;
				CLANG_WARN_OBJC_LITERAL_CONVERSION = YES;
				CLANG_WARN_OBJC_ROOT_CLASS = YES_ERROR;
				CLANG_WARN_RANGE_LOOP_ANALYSIS = YES;
				CLANG_WARN_STRICT_PROTOTYPES = YES;
				CLANG_WARN_SUSPICIOUS_MOVE = YES;
				CLANG_WARN_UNGUARDED_AVAILABILITY = YES_AGGRESSIVE;
				CLANG_WARN_UNREACHABLE_CODE = YES;
				CLANG_WARN__DUPLICATE_METHOD_MATCH = YES;
				COPY_PHASE_STRIP = NO;
				DEBUG_INFORMATION_FORMAT = dwarf;
				ENABLE_STRICT_OBJC_MSGSEND = YES;
				ENABLE_TESTABILITY = YES;
				GCC_C_LANGUAGE_STANDARD = gnu11;
				GCC_DYNAMIC_NO_PIC = NO;
				GCC_NO_COMMON_BLOCKS = YES;
				GCC_OPTIMIZATION_LEVEL = 0;
				GCC_PREPROCESSOR_DEFINITIONS = (
					"DEBUG=1",
					"$(inherited)",
				);
				GCC_WARN_64_TO_32_BIT_CONVERSION = YES;
				GCC_WARN_ABOUT_RETURN_TYPE = YES_ERROR;
				GCC_WARN_UNDECLARED_SELECTOR = YES;
				GCC_WARN_UNINITIALIZED_AUTOS = YES_AGGRESSIVE;
				GCC_WARN_UNUSED_FUNCTION = YES;
				GCC_WARN_UNUSED_VARIABLE = YES;
				IPHONEOS_DEPLOYMENT_TARGET = 13.4;
				MTL_ENABLE_DEBUG_INFO = INCLUDE_SOURCE;
				MTL_FAST_MATH = YES;
				ONLY_ACTIVE_ARCH = YES;
				SDKROOT = iphoneos;
			};
			name = Debug;
		};
		937BFF342436DA25001EFE4D /* Release */ = {
			isa = XCBuildConfiguration;
			buildSettings = {
				ALWAYS_SEARCH_USER_PATHS = NO;
				CLANG_ANALYZER_NONNULL = YES;
				CLANG_ANALYZER_NUMBER_OBJECT_CONVERSION = YES_AGGRESSIVE;
				CLANG_CXX_LANGUAGE_STANDARD = "gnu++14";
				CLANG_CXX_LIBRARY = "libc++";
				CLANG_ENABLE_MODULES = YES;
				CLANG_ENABLE_OBJC_ARC = YES;
				CLANG_ENABLE_OBJC_WEAK = YES;
				CLANG_WARN_BLOCK_CAPTURE_AUTORELEASING = YES;
				CLANG_WARN_BOOL_CONVERSION = YES;
				CLANG_WARN_COMMA = YES;
				CLANG_WARN_CONSTANT_CONVERSION = YES;
				CLANG_WARN_DEPRECATED_OBJC_IMPLEMENTATIONS = YES;
				CLANG_WARN_DIRECT_OBJC_ISA_USAGE = YES_ERROR;
				CLANG_WARN_DOCUMENTATION_COMMENTS = YES;
				CLANG_WARN_EMPTY_BODY = YES;
				CLANG_WARN_ENUM_CONVERSION = YES;
				CLANG_WARN_INFINITE_RECURSION = YES;
				CLANG_WARN_INT_CONVERSION = YES;
				CLANG_WARN_NON_LITERAL_NULL_CONVERSION = YES;
				CLANG_WARN_OBJC_IMPLICIT_RETAIN_SELF = YES;
				CLANG_WARN_OBJC_LITERAL_CONVERSION = YES;
				CLANG_WARN_OBJC_ROOT_CLASS = YES_ERROR;
				CLANG_WARN_RANGE_LOOP_ANALYSIS = YES;
				CLANG_WARN_STRICT_PROTOTYPES = YES;
				CLANG_WARN_SUSPICIOUS_MOVE = YES;
				CLANG_WARN_UNGUARDED_AVAILABILITY = YES_AGGRESSIVE;
				CLANG_WARN_UNREACHABLE_CODE = YES;
				CLANG_WARN__DUPLICATE_METHOD_MATCH = YES;
				COPY_PHASE_STRIP = NO;
				DEBUG_INFORMATION_FORMAT = "dwarf-with-dsym";
				ENABLE_NS_ASSERTIONS = NO;
				ENABLE_STRICT_OBJC_MSGSEND = YES;
				GCC_C_LANGUAGE_STANDARD = gnu11;
				GCC_NO_COMMON_BLOCKS = YES;
				GCC_WARN_64_TO_32_BIT_CONVERSION = YES;
				GCC_WARN_ABOUT_RETURN_TYPE = YES_ERROR;
				GCC_WARN_UNDECLARED_SELECTOR = YES;
				GCC_WARN_UNINITIALIZED_AUTOS = YES_AGGRESSIVE;
				GCC_WARN_UNUSED_FUNCTION = YES;
				GCC_WARN_UNUSED_VARIABLE = YES;
				IPHONEOS_DEPLOYMENT_TARGET = 13.4;
				MTL_ENABLE_DEBUG_INFO = NO;
				MTL_FAST_MATH = YES;
				SDKROOT = iphoneos;
				VALIDATE_PRODUCT = YES;
			};
			name = Release;
		};
		937BFF362436DA25001EFE4D /* Debug */ = {
			isa = XCBuildConfiguration;
			baseConfigurationReference = 16763A63EF5322AA94BF2C56 /* Pods-YSHistogramView.debug.xcconfig */;
			buildSettings = {
				ASSETCATALOG_COMPILER_APPICON_NAME = AppIcon;
				CODE_SIGN_STYLE = Automatic;
				DEVELOPMENT_TEAM = 725G6G9VT8;
				INFOPLIST_FILE = YSHistogramView/Info.plist;
				LD_RUNPATH_SEARCH_PATHS = (
					"$(inherited)",
					"@executable_path/Frameworks",
				);
				PRODUCT_BUNDLE_IDENTIFIER = com.aaron.YSHistogramView;
				PRODUCT_NAME = "$(TARGET_NAME)";
				TARGETED_DEVICE_FAMILY = "1,2";
			};
			name = Debug;
		};
		937BFF372436DA25001EFE4D /* Release */ = {
			isa = XCBuildConfiguration;
			baseConfigurationReference = EE718F6E15FA6B00B6D056D6 /* Pods-YSHistogramView.release.xcconfig */;
			buildSettings = {
				ASSETCATALOG_COMPILER_APPICON_NAME = AppIcon;
				CODE_SIGN_STYLE = Automatic;
				DEVELOPMENT_TEAM = 725G6G9VT8;
				INFOPLIST_FILE = YSHistogramView/Info.plist;
				LD_RUNPATH_SEARCH_PATHS = (
					"$(inherited)",
					"@executable_path/Frameworks",
				);
				PRODUCT_BUNDLE_IDENTIFIER = com.aaron.YSHistogramView;
				PRODUCT_NAME = "$(TARGET_NAME)";
				TARGETED_DEVICE_FAMILY = "1,2";
			};
			name = Release;
		};
		937BFF392436DA25001EFE4D /* Debug */ = {
			isa = XCBuildConfiguration;
			baseConfigurationReference = F03A0E9EEA367E1602C004CB /* Pods-YSHistogramViewTests.debug.xcconfig */;
			buildSettings = {
				BUNDLE_LOADER = "$(TEST_HOST)";
				CODE_SIGN_STYLE = Automatic;
				DEVELOPMENT_TEAM = 725G6G9VT8;
				INFOPLIST_FILE = YSHistogramViewTests/Info.plist;
				IPHONEOS_DEPLOYMENT_TARGET = 13.4;
				LD_RUNPATH_SEARCH_PATHS = (
					"$(inherited)",
					"@executable_path/Frameworks",
					"@loader_path/Frameworks",
				);
				PRODUCT_BUNDLE_IDENTIFIER = com.aaron.YSHistogramViewTests;
				PRODUCT_NAME = "$(TARGET_NAME)";
				TARGETED_DEVICE_FAMILY = "1,2";
				TEST_HOST = "$(BUILT_PRODUCTS_DIR)/YSHistogramView.app/YSHistogramView";
			};
			name = Debug;
		};
		937BFF3A2436DA25001EFE4D /* Release */ = {
			isa = XCBuildConfiguration;
			baseConfigurationReference = 42EDD3D5F3A880807CC688C1 /* Pods-YSHistogramViewTests.release.xcconfig */;
			buildSettings = {
				BUNDLE_LOADER = "$(TEST_HOST)";
				CODE_SIGN_STYLE = Automatic;
				DEVELOPMENT_TEAM = 725G6G9VT8;
				INFOPLIST_FILE = YSHistogramViewTests/Info.plist;
				IPHONEOS_DEPLOYMENT_TARGET = 13.4;
				LD_RUNPATH_SEARCH_PATHS = (
					"$(inherited)",
					"@executable_path/Frameworks",
					"@loader_path/Frameworks",
				);
				PRODUCT_BUNDLE_IDENTIFIER = com.aaron.YSHistogramViewTests;
				PRODUCT_NAME = "$(TARGET_NAME)";
				TARGETED_DEVICE_FAMILY = "1,2";
				TEST_HOST = "$(BUILT_PRODUCTS_DIR)/YSHistogramView.app/YSHistogramView";
			};
			name = Release;
		};
		937BFF3C2436DA25001EFE4D /* Debug */ = {
			isa = XCBuildConfiguration;
			baseConfigurationReference = BA86AABE6176EE1F51C7620D /* Pods-YSHistogramView-YSHistogramViewUITests.debug.xcconfig */;
			buildSettings = {
				CODE_SIGN_STYLE = Automatic;
				DEVELOPMENT_TEAM = 725G6G9VT8;
				INFOPLIST_FILE = YSHistogramViewUITests/Info.plist;
				LD_RUNPATH_SEARCH_PATHS = (
					"$(inherited)",
					"@executable_path/Frameworks",
					"@loader_path/Frameworks",
				);
				PRODUCT_BUNDLE_IDENTIFIER = com.aaron.YSHistogramViewUITests;
				PRODUCT_NAME = "$(TARGET_NAME)";
				TARGETED_DEVICE_FAMILY = "1,2";
				TEST_TARGET_NAME = YSHistogramView;
			};
			name = Debug;
		};
		937BFF3D2436DA25001EFE4D /* Release */ = {
			isa = XCBuildConfiguration;
			baseConfigurationReference = 5D2D0566BDD553C73DABC798 /* Pods-YSHistogramView-YSHistogramViewUITests.release.xcconfig */;
			buildSettings = {
				CODE_SIGN_STYLE = Automatic;
				DEVELOPMENT_TEAM = 725G6G9VT8;
				INFOPLIST_FILE = YSHistogramViewUITests/Info.plist;
				LD_RUNPATH_SEARCH_PATHS = (
					"$(inherited)",
					"@executable_path/Frameworks",
					"@loader_path/Frameworks",
				);
				PRODUCT_BUNDLE_IDENTIFIER = com.aaron.YSHistogramViewUITests;
				PRODUCT_NAME = "$(TARGET_NAME)";
				TARGETED_DEVICE_FAMILY = "1,2";
				TEST_TARGET_NAME = YSHistogramView;
			};
			name = Release;
		};
/* End XCBuildConfiguration section */

/* Begin XCConfigurationList section */
		937BFF012436DA23001EFE4D /* Build configuration list for PBXProject "YSHistogramView" */ = {
			isa = XCConfigurationList;
			buildConfigurations = (
				937BFF332436DA25001EFE4D /* Debug */,
				937BFF342436DA25001EFE4D /* Release */,
			);
			defaultConfigurationIsVisible = 0;
			defaultConfigurationName = Release;
		};
		937BFF352436DA25001EFE4D /* Build configuration list for PBXNativeTarget "YSHistogramView" */ = {
			isa = XCConfigurationList;
			buildConfigurations = (
				937BFF362436DA25001EFE4D /* Debug */,
				937BFF372436DA25001EFE4D /* Release */,
			);
			defaultConfigurationIsVisible = 0;
			defaultConfigurationName = Release;
		};
		937BFF382436DA25001EFE4D /* Build configuration list for PBXNativeTarget "YSHistogramViewTests" */ = {
			isa = XCConfigurationList;
			buildConfigurations = (
				937BFF392436DA25001EFE4D /* Debug */,
				937BFF3A2436DA25001EFE4D /* Release */,
			);
			defaultConfigurationIsVisible = 0;
			defaultConfigurationName = Release;
		};
		937BFF3B2436DA25001EFE4D /* Build configuration list for PBXNativeTarget "YSHistogramViewUITests" */ = {
			isa = XCConfigurationList;
			buildConfigurations = (
				937BFF3C2436DA25001EFE4D /* Debug */,
				937BFF3D2436DA25001EFE4D /* Release */,
			);
			defaultConfigurationIsVisible = 0;
			defaultConfigurationName = Release;
		};
/* End XCConfigurationList section */
	};
	rootObject = 937BFEFE2436DA23001EFE4D /* Project object */;
}
